// !$*UTF8*$!
{
	archiveVersion = 1;
	classes = {
	};
	objectVersion = 46;
	objects = {

/* Begin PBXBuildFile section */
		72EF907D1B007C8C001F0B7F /* main.m in Sources */ = {isa = PBXBuildFile; fileRef = 72EF907C1B007C8C001F0B7F /* main.m */; };
		72EF90801B007C8C001F0B7F /* AppDelegate.m in Sources */ = {isa = PBXBuildFile; fileRef = 72EF907F1B007C8C001F0B7F /* AppDelegate.m */; };
		72EF90831B007C8C001F0B7F /* PDF_PoC.xcdatamodeld in Sources */ = {isa = PBXBuildFile; fileRef = 72EF90811B007C8C001F0B7F /* PDF_PoC.xcdatamodeld */; };
		72EF90861B007C8C001F0B7F /* ViewController.m in Sources */ = {isa = PBXBuildFile; fileRef = 72EF90851B007C8C001F0B7F /* ViewController.m */; };
		72EF90891B007C8C001F0B7F /* Main.storyboard in Resources */ = {isa = PBXBuildFile; fileRef = 72EF90871B007C8C001F0B7F /* Main.storyboard */; };
		72EF908B1B007C8C001F0B7F /* Images.xcassets in Resources */ = {isa = PBXBuildFile; fileRef = 72EF908A1B007C8C001F0B7F /* Images.xcassets */; };
		72EF908E1B007C8C001F0B7F /* LaunchScreen.xib in Resources */ = {isa = PBXBuildFile; fileRef = 72EF908C1B007C8C001F0B7F /* LaunchScreen.xib */; };
		72EF909A1B007C8C001F0B7F /* PDF_PoCTests.m in Sources */ = {isa = PBXBuildFile; fileRef = 72EF90991B007C8C001F0B7F /* PDF_PoCTests.m */; };
/* End PBXBuildFile section */

/* Begin PBXContainerItemProxy section */
		72EF90941B007C8C001F0B7F /* PBXContainerItemProxy */ = {
			isa = PBXContainerItemProxy;
			containerPortal = 72EF906F1B007C8C001F0B7F /* Project object */;
			proxyType = 1;
			remoteGlobalIDString = 72EF90761B007C8C001F0B7F;
			remoteInfo = "PDF-PoC";
		};
/* End PBXContainerItemProxy section */

/* Begin PBXFileReference section */
		72EF90771B007C8C001F0B7F /* PDF-PoC.app */ = {isa = PBXFileReference; explicitFileType = wrapper.application; includeInIndex = 0; path = "PDF-PoC.app"; sourceTree = BUILT_PRODUCTS_DIR; };
		72EF907B1B007C8C001F0B7F /* Info.plist */ = {isa = PBXFileReference; lastKnownFileType = text.plist.xml; path = Info.plist; sourceTree = "<group>"; };
		72EF907C1B007C8C001F0B7F /* main.m */ = {isa = PBXFileReference; lastKnownFileType = sourcecode.c.objc; path = main.m; sourceTree = "<group>"; };
		72EF907E1B007C8C001F0B7F /* AppDelegate.h */ = {isa = PBXFileReference; lastKnownFileType = sourcecode.c.h; path = AppDelegate.h; sourceTree = "<group>"; };
		72EF907F1B007C8C001F0B7F /* AppDelegate.m */ = {isa = PBXFileReference; lastKnownFileType = sourcecode.c.objc; path = AppDelegate.m; sourceTree = "<group>"; };
		72EF90821B007C8C001F0B7F /* PDF_PoC.xcdatamodel */ = {isa = PBXFileReference; lastKnownFileType = wrapper.xcdatamodel; path = PDF_PoC.xcdatamodel; sourceTree = "<group>"; };
		72EF90841B007C8C001F0B7F /* ViewController.h */ = {isa = PBXFileReference; lastKnownFileType = sourcecode.c.h; path = ViewController.h; sourceTree = "<group>"; };
		72EF90851B007C8C001F0B7F /* ViewController.m */ = {isa = PBXFileReference; lastKnownFileType = sourcecode.c.objc; path = ViewController.m; sourceTree = "<group>"; };
		72EF90881B007C8C001F0B7F /* Base */ = {isa = PBXFileReference; lastKnownFileType = file.storyboard; name = Base; path = Base.lproj/Main.storyboard; sourceTree = "<group>"; };
		72EF908A1B007C8C001F0B7F /* Images.xcassets */ = {isa = PBXFileReference; lastKnownFileType = folder.assetcatalog; path = Images.xcassets; sourceTree = "<group>"; };
		72EF908D1B007C8C001F0B7F /* Base */ = {isa = PBXFileReference; lastKnownFileType = file.xib; name = Base; path = Base.lproj/LaunchScreen.xib; sourceTree = "<group>"; };
		72EF90931B007C8C001F0B7F /* PDF-PoCTests.xctest */ = {isa = PBXFileReference; explicitFileType = wrapper.cfbundle; includeInIndex = 0; path = "PDF-PoCTests.xctest"; sourceTree = BUILT_PRODUCTS_DIR; };
		72EF90981B007C8C001F0B7F /* Info.plist */ = {isa = PBXFileReference; lastKnownFileType = text.plist.xml; path = Info.plist; sourceTree = "<group>"; };
		72EF90991B007C8C001F0B7F /* PDF_PoCTests.m */ = {isa = PBXFileReference; lastKnownFileType = sourcecode.c.objc; path = PDF_PoCTests.m; sourceTree = "<group>"; };
/* End PBXFileReference section */

/* Begin PBXFrameworksBuildPhase section */
		72EF90741B007C8C001F0B7F /* Frameworks */ = {
			isa = PBXFrameworksBuildPhase;
			buildActionMask = 2147483647;
			files = (
			);
			runOnlyForDeploymentPostprocessing = 0;
		};
		72EF90901B007C8C001F0B7F /* Frameworks */ = {
			isa = PBXFrameworksBuildPhase;
			buildActionMask = 2147483647;
			files = (
			);
			runOnlyForDeploymentPostprocessing = 0;
		};
/* End PBXFrameworksBuildPhase section */

/* Begin PBXGroup section */
		72EF906E1B007C8C001F0B7F = {
			isa = PBXGroup;
			children = (
				72EF90791B007C8C001F0B7F /* PDF-PoC */,
				72EF90961B007C8C001F0B7F /* PDF-PoCTests */,
				72EF90781B007C8C001F0B7F /* Products */,
			);
			sourceTree = "<group>";
		};
		72EF90781B007C8C001F0B7F /* Products */ = {
			isa = PBXGroup;
			children = (
				72EF90771B007C8C001F0B7F /* PDF-PoC.app */,
				72EF90931B007C8C001F0B7F /* PDF-PoCTests.xctest */,
			);
			name = Products;
			sourceTree = "<group>";
		};
		72EF90791B007C8C001F0B7F /* PDF-PoC */ = {
			isa = PBXGroup;
			children = (
				72EF907E1B007C8C001F0B7F /* AppDelegate.h */,
				72EF907F1B007C8C001F0B7F /* AppDelegate.m */,
				72EF90841B007C8C001F0B7F /* ViewController.h */,
				72EF90851B007C8C001F0B7F /* ViewController.m */,
				72EF90871B007C8C001F0B7F /* Main.storyboard */,
				72EF908A1B007C8C001F0B7F /* Images.xcassets */,
				72EF908C1B007C8C001F0B7F /* LaunchScreen.xib */,
				72EF90811B007C8C001F0B7F /* PDF_PoC.xcdatamodeld */,
				72EF907A1B007C8C001F0B7F /* Supporting Files */,
			);
			path = "PDF-PoC";
			sourceTree = "<group>";
		};
		72EF907A1B007C8C001F0B7F /* Supporting Files */ = {
			isa = PBXGroup;
			children = (
				72EF907B1B007C8C001F0B7F /* Info.plist */,
				72EF907C1B007C8C001F0B7F /* main.m */,
			);
			name = "Supporting Files";
			sourceTree = "<group>";
		};
		72EF90961B007C8C001F0B7F /* PDF-PoCTests */ = {
			isa = PBXGroup;
			children = (
				72EF90991B007C8C001F0B7F /* PDF_PoCTests.m */,
				72EF90971B007C8C001F0B7F /* Supporting Files */,
			);
			path = "PDF-PoCTests";
			sourceTree = "<group>";
		};
		72EF90971B007C8C001F0B7F /* Supporting Files */ = {
			isa = PBXGroup;
			children = (
				72EF90981B007C8C001F0B7F /* Info.plist */,
			);
			name = "Supporting Files";
			sourceTree = "<group>";
		};
/* End PBXGroup section */

/* Begin PBXNativeTarget section */
		72EF90761B007C8C001F0B7F /* PDF-PoC */ = {
			isa = PBXNativeTarget;
			buildConfigurationList = 72EF909D1B007C8C001F0B7F /* Build configuration list for PBXNativeTarget "PDF-PoC" */;
			buildPhases = (
				72EF90731B007C8C001F0B7F /* Sources */,
				72EF90741B007C8C001F0B7F /* Frameworks */,
				72EF90751B007C8C001F0B7F /* Resources */,
			);
			buildRules = (
			);
			dependencies = (
			);
			name = "PDF-PoC";
			productName = "PDF-PoC";
			productReference = 72EF90771B007C8C001F0B7F /* PDF-PoC.app */;
			productType = "com.apple.product-type.application";
		};
		72EF90921B007C8C001F0B7F /* PDF-PoCTests */ = {
			isa = PBXNativeTarget;
			buildConfigurationList = 72EF90A01B007C8C001F0B7F /* Build configuration list for PBXNativeTarget "PDF-PoCTests" */;
			buildPhases = (
				72EF908F1B007C8C001F0B7F /* Sources */,
				72EF90901B007C8C001F0B7F /* Frameworks */,
				72EF90911B007C8C001F0B7F /* Resources */,
			);
			buildRules = (
			);
			dependencies = (
				72EF90951B007C8C001F0B7F /* PBXTargetDependency */,
			);
			name = "PDF-PoCTests";
			productName = "PDF-PoCTests";
			productReference = 72EF90931B007C8C001F0B7F /* PDF-PoCTests.xctest */;
			productType = "com.apple.product-type.bundle.unit-test";
		};
/* End PBXNativeTarget section */

/* Begin PBXProject section */
		72EF906F1B007C8C001F0B7F /* Project object */ = {
			isa = PBXProject;
			attributes = {
				LastUpgradeCheck = 0630;
				ORGANIZATIONNAME = "T-Mobile";
				TargetAttributes = {
					72EF90761B007C8C001F0B7F = {
						CreatedOnToolsVersion = 6.3;
					};
					72EF90921B007C8C001F0B7F = {
						CreatedOnToolsVersion = 6.3;
						TestTargetID = 72EF90761B007C8C001F0B7F;
					};
				};
			};
			buildConfigurationList = 72EF90721B007C8C001F0B7F /* Build configuration list for PBXProject "PDF-PoC" */;
			compatibilityVersion = "Xcode 3.2";
			developmentRegion = English;
			hasScannedForEncodings = 0;
			knownRegions = (
				en,
				Base,
			);
			mainGroup = 72EF906E1B007C8C001F0B7F;
			productRefGroup = 72EF90781B007C8C001F0B7F /* Products */;
			projectDirPath = "";
			projectRoot = "";
			targets = (
				72EF90761B007C8C001F0B7F /* PDF-PoC */,
				72EF90921B007C8C001F0B7F /* PDF-PoCTests */,
			);
		};
/* End PBXProject section */

/* Begin PBXResourcesBuildPhase section */
		72EF90751B007C8C001F0B7F /* Resources */ = {
			isa = PBXResourcesBuildPhase;
			buildActionMask = 2147483647;
			files = (
				72EF90891B007C8C001F0B7F /* Main.storyboard in Resources */,
				72EF908E1B007C8C001F0B7F /* LaunchScreen.xib in Resources */,
				72EF908B1B007C8C001F0B7F /* Images.xcassets in Resources */,
			);
			runOnlyForDeploymentPostprocessing = 0;
		};
		72EF90911B007C8C001F0B7F /* Resources */ = {
			isa = PBXResourcesBuildPhase;
			buildActionMask = 2147483647;
			files = (
			);
			runOnlyForDeploymentPostprocessing = 0;
		};
/* End PBXResourcesBuildPhase section */

/* Begin PBXSourcesBuildPhase section */
		72EF90731B007C8C001F0B7F /* Sources */ = {
			isa = PBXSourcesBuildPhase;
			buildActionMask = 2147483647;
			files = (
				72EF90801B007C8C001F0B7F /* AppDelegate.m in Sources */,
				72EF90831B007C8C001F0B7F /* PDF_PoC.xcdatamodeld in Sources */,
				72EF90861B007C8C001F0B7F /* ViewController.m in Sources */,
				72EF907D1B007C8C001F0B7F /* main.m in Sources */,
			);
			runOnlyForDeploymentPostprocessing = 0;
		};
		72EF908F1B007C8C001F0B7F /* Sources */ = {
			isa = PBXSourcesBuildPhase;
			buildActionMask = 2147483647;
			files = (
				72EF909A1B007C8C001F0B7F /* PDF_PoCTests.m in Sources */,
			);
			runOnlyForDeploymentPostprocessing = 0;
		};
/* End PBXSourcesBuildPhase section */

/* Begin PBXTargetDependency section */
		72EF90951B007C8C001F0B7F /* PBXTargetDependency */ = {
			isa = PBXTargetDependency;
			target = 72EF90761B007C8C001F0B7F /* PDF-PoC */;
			targetProxy = 72EF90941B007C8C001F0B7F /* PBXContainerItemProxy */;
		};
/* End PBXTargetDependency section */

/* Begin PBXVariantGroup section */
		72EF90871B007C8C001F0B7F /* Main.storyboard */ = {
			isa = PBXVariantGroup;
			children = (
				72EF90881B007C8C001F0B7F /* Base */,
			);
			name = Main.storyboard;
			sourceTree = "<group>";
		};
		72EF908C1B007C8C001F0B7F /* LaunchScreen.xib */ = {
			isa = PBXVariantGroup;
			children = (
				72EF908D1B007C8C001F0B7F /* Base */,
			);
			name = LaunchScreen.xib;
			sourceTree = "<group>";
		};
/* End PBXVariantGroup section */

/* Begin XCBuildConfiguration section */
		72EF909B1B007C8C001F0B7F /* Debug */ = {
			isa = XCBuildConfiguration;
			buildSettings = {
				ALWAYS_SEARCH_USER_PATHS = NO;
				CLANG_CXX_LANGUAGE_STANDARD = "gnu++0x";
				CLANG_CXX_LIBRARY = "libc++";
				CLANG_ENABLE_MODULES = YES;
				CLANG_ENABLE_OBJC_ARC = YES;
				CLANG_WARN_BOOL_CONVERSION = YES;
				CLANG_WARN_CONSTANT_CONVERSION = YES;
				CLANG_WARN_DIRECT_OBJC_ISA_USAGE = YES_ERROR;
				CLANG_WARN_EMPTY_BODY = YES;
				CLANG_WARN_ENUM_CONVERSION = YES;
				CLANG_WARN_INT_CONVERSION = YES;
				CLANG_WARN_OBJC_ROOT_CLASS = YES_ERROR;
				CLANG_WARN_UNREACHABLE_CODE = YES;
				CLANG_WARN__DUPLICATE_METHOD_MATCH = YES;
				"CODE_SIGN_IDENTITY[sdk=iphoneos*]" = "iPhone Developer";
				COPY_PHASE_STRIP = NO;
				DEBUG_INFORMATION_FORMAT = "dwarf-with-dsym";
				ENABLE_STRICT_OBJC_MSGSEND = YES;
				GCC_C_LANGUAGE_STANDARD = gnu99;
				GCC_DYNAMIC_NO_PIC = NO;
				GCC_NO_COMMON_BLOCKS = YES;
				GCC_OPTIMIZATION_LEVEL = 0;
				GCC_PREPROCESSOR_DEFINITIONS = (
					"DEBUG=1",
					"$(inherited)",
				);
				GCC_SYMBOLS_PRIVATE_EXTERN = NO;
				GCC_WARN_64_TO_32_BIT_CONVERSION = YES;
				GCC_WARN_ABOUT_RETURN_TYPE = YES_ERROR;
				GCC_WARN_UNDECLARED_SELECTOR = YES;
				GCC_WARN_UNINITIALIZED_AUTOS = YES_AGGRESSIVE;
				GCC_WARN_UNUSED_FUNCTION = YES;
				GCC_WARN_UNUSED_VARIABLE = YES;
				IPHONEOS_DEPLOYMENT_TARGET = 8.3;
				MTL_ENABLE_DEBUG_INFO = YES;
				ONLY_ACTIVE_ARCH = YES;
				SDKROOT = iphoneos;
				TARGETED_DEVICE_FAMILY = "1,2";
			};
			name = Debug;
		};
		72EF909C1B007C8C001F0B7F /* Release */ = {
			isa = XCBuildConfiguration;
			buildSettings = {
				ALWAYS_SEARCH_USER_PATHS = NO;
				CLANG_CXX_LANGUAGE_STANDARD = "gnu++0x";
				CLANG_CXX_LIBRARY = "libc++";
				CLANG_ENABLE_MODULES = YES;
				CLANG_ENABLE_OBJC_ARC = YES;
				CLANG_WARN_BOOL_CONVERSION = YES;
				CLANG_WARN_CONSTANT_CONVERSION = YES;
				CLANG_WARN_DIRECT_OBJC_ISA_USAGE = YES_ERROR;
				CLANG_WARN_EMPTY_BODY = YES;
				CLANG_WARN_ENUM_CONVERSION = YES;
				CLANG_WARN_INT_CONVERSION = YES;
				CLANG_WARN_OBJC_ROOT_CLASS = YES_ERROR;
				CLANG_WARN_UNREACHABLE_CODE = YES;
				CLANG_WARN__DUPLICATE_METHOD_MATCH = YES;
				"CODE_SIGN_IDENTITY[sdk=iphoneos*]" = "iPhone Developer";
				COPY_PHASE_STRIP = NO;
				DEBUG_INFORMATION_FORMAT = "dwarf-with-dsym";
				ENABLE_NS_ASSERTIONS = NO;
				ENABLE_STRICT_OBJC_MSGSEND = YES;
				GCC_C_LANGUAGE_STANDARD = gnu99;
				GCC_NO_COMMON_BLOCKS = YES;
				GCC_WARN_64_TO_32_BIT_CONVERSION = YES;
				GCC_WARN_ABOUT_RETURN_TYPE = YES_ERROR;
				GCC_WARN_UNDECLARED_SELECTOR = YES;
				GCC_WARN_UNINITIALIZED_AUTOS = YES_AGGRESSIVE;
				GCC_WARN_UNUSED_FUNCTION = YES;
				GCC_WARN_UNUSED_VARIABLE = YES;
				IPHONEOS_DEPLOYMENT_TARGET = 8.3;
				MTL_ENABLE_DEBUG_INFO = NO;
				SDKROOT = iphoneos;
				TARGETED_DEVICE_FAMILY = "1,2";
				VALIDATE_PRODUCT = YES;
			};
			name = Release;
		};
		72EF909E1B007C8C001F0B7F /* Debug */ = {
			isa = XCBuildConfiguration;
			buildSettings = {
				ASSETCATALOG_COMPILER_APPICON_NAME = AppIcon;
				INFOPLIST_FILE = "PDF-PoC/Info.plist";
				LD_RUNPATH_SEARCH_PATHS = "$(inherited) @executable_path/Frameworks";
				PRODUCT_NAME = "$(TARGET_NAME)";
			};
			name = Debug;
		};
		72EF909F1B007C8C001F0B7F /* Release */ = {
			isa = XCBuildConfiguration;
			buildSettings = {
				ASSETCATALOG_COMPILER_APPICON_NAME = AppIcon;
				INFOPLIST_FILE = "PDF-PoC/Info.plist";
				LD_RUNPATH_SEARCH_PATHS = "$(inherited) @executable_path/Frameworks";
				PRODUCT_NAME = "$(TARGET_NAME)";
			};
			name = Release;
		};
		72EF90A11B007C8C001F0B7F /* Debug */ = {
			isa = XCBuildConfiguration;
			buildSettings = {
				BUNDLE_LOADER = "$(TEST_HOST)";
				FRAMEWORK_SEARCH_PATHS = (
					"$(SDKROOT)/Developer/Library/Frameworks",
					"$(inherited)",
				);
				GCC_PREPROCESSOR_DEFINITIONS = (
					"DEBUG=1",
					"$(inherited)",
				);
				INFOPLIST_FILE = "PDF-PoCTests/Info.plist";
				LD_RUNPATH_SEARCH_PATHS = "$(inherited) @executable_path/Frameworks @loader_path/Frameworks";
				PRODUCT_NAME = "$(TARGET_NAME)";
				TEST_HOST = "$(BUILT_PRODUCTS_DIR)/PDF-PoC.app/PDF-PoC";
			};
			name = Debug;
		};
		72EF90A21B007C8C001F0B7F /* Release */ = {
			isa = XCBuildConfiguration;
			buildSettings = {
				BUNDLE_LOADER = "$(TEST_HOST)";
				FRAMEWORK_SEARCH_PATHS = (
					"$(SDKROOT)/Developer/Library/Frameworks",
					"$(inherited)",
				);
				INFOPLIST_FILE = "PDF-PoCTests/Info.plist";
				LD_RUNPATH_SEARCH_PATHS = "$(inherited) @executable_path/Frameworks @loader_path/Frameworks";
				PRODUCT_NAME = "$(TARGET_NAME)";
				TEST_HOST = "$(BUILT_PRODUCTS_DIR)/PDF-PoC.app/PDF-PoC";
			};
			name = Release;
		};
/* End XCBuildConfiguration section */

/* Begin XCConfigurationList section */
		72EF90721B007C8C001F0B7F /* Build configuration list for PBXProject "PDF-PoC" */ = {
			isa = XCConfigurationList;
			buildConfigurations = (
				72EF909B1B007C8C001F0B7F /* Debug */,
				72EF909C1B007C8C001F0B7F /* Release */,
			);
			defaultConfigurationIsVisible = 0;
			defaultConfigurationName = Release;
		};
		72EF909D1B007C8C001F0B7F /* Build configuration list for PBXNativeTarget "PDF-PoC" */ = {
			isa = XCConfigurationList;
			buildConfigurations = (
				72EF909E1B007C8C001F0B7F /* Debug */,
				72EF909F1B007C8C001F0B7F /* Release */,
			);
			defaultConfigurationIsVisible = 0;
		};
		72EF90A01B007C8C001F0B7F /* Build configuration list for PBXNativeTarget "PDF-PoCTests" */ = {
			isa = XCConfigurationList;
			buildConfigurations = (
				72EF90A11B007C8C001F0B7F /* Debug */,
				72EF90A21B007C8C001F0B7F /* Release */,
			);
			defaultConfigurationIsVisible = 0;
		};
/* End XCConfigurationList section */

/* Begin XCVersionGroup section */
		72EF90811B007C8C001F0B7F /* PDF_PoC.xcdatamodeld */ = {
			isa = XCVersionGroup;
			children = (
				72EF90821B007C8C001F0B7F /* PDF_PoC.xcdatamodel */,
			);
			currentVersion = 72EF90821B007C8C001F0B7F /* PDF_PoC.xcdatamodel */;
			path = PDF_PoC.xcdatamodeld;
			sourceTree = "<group>";
			versionGroupType = wrapper.xcdatamodel;
		};
/* End XCVersionGroup section */
	};
	rootObject = 72EF906F1B007C8C001F0B7F /* Project object */;
}
